// !$*UTF8*$!
{
	archiveVersion = 1;
	classes = {
	};
	objectVersion = 50;
	objects = {

/* Begin PBXBuildFile section */
		69A5FCF4213D060700705CA3 /* AppDelegate.swift in Sources */ = {isa = PBXBuildFile; fileRef = 69A5FCF3213D060700705CA3 /* AppDelegate.swift */; };
		69A5FCF6213D060700705CA3 /* loginVC.swift in Sources */ = {isa = PBXBuildFile; fileRef = 69A5FCF5213D060700705CA3 /* loginVC.swift */; };
		69A5FCF9213D060700705CA3 /* Main.storyboard in Resources */ = {isa = PBXBuildFile; fileRef = 69A5FCF7213D060700705CA3 /* Main.storyboard */; };
		69A5FCFB213D060A00705CA3 /* Assets.xcassets in Resources */ = {isa = PBXBuildFile; fileRef = 69A5FCFA213D060A00705CA3 /* Assets.xcassets */; };
		69A5FCFE213D060A00705CA3 /* LaunchScreen.storyboard in Resources */ = {isa = PBXBuildFile; fileRef = 69A5FCFC213D060A00705CA3 /* LaunchScreen.storyboard */; };
		69A5FD06213D063300705CA3 /* GoogleService-Info.plist in Resources */ = {isa = PBXBuildFile; fileRef = 69A5FD05213D063300705CA3 /* GoogleService-Info.plist */; };
		69EA9BE3213D2B8B0098276C /* API.swift in Sources */ = {isa = PBXBuildFile; fileRef = 69EA9BE2213D2B8B0098276C /* API.swift */; };
		69EA9BE5213D607A0098276C /* articleVC.swift in Sources */ = {isa = PBXBuildFile; fileRef = 69EA9BE4213D607A0098276C /* articleVC.swift */; };
		B54280A8237149FB31C8FA4D /* Pods_firebaseParctice.framework in Frameworks */ = {isa = PBXBuildFile; fileRef = 905F8599ADBEE6C4E094D129 /* Pods_firebaseParctice.framework */; };
/* End PBXBuildFile section */

/* Begin PBXFileReference section */
		0491C07A03444604F772DC37 /* Pods-firebaseParctice.debug.xcconfig */ = {isa = PBXFileReference; includeInIndex = 1; lastKnownFileType = text.xcconfig; name = "Pods-firebaseParctice.debug.xcconfig"; path = "Pods/Target Support Files/Pods-firebaseParctice/Pods-firebaseParctice.debug.xcconfig"; sourceTree = "<group>"; };
		4B92D1D178894193C8482705 /* Pods-firebaseParctice.release.xcconfig */ = {isa = PBXFileReference; includeInIndex = 1; lastKnownFileType = text.xcconfig; name = "Pods-firebaseParctice.release.xcconfig"; path = "Pods/Target Support Files/Pods-firebaseParctice/Pods-firebaseParctice.release.xcconfig"; sourceTree = "<group>"; };
		69A5FCF0213D060700705CA3 /* firebaseParctice.app */ = {isa = PBXFileReference; explicitFileType = wrapper.application; includeInIndex = 0; path = firebaseParctice.app; sourceTree = BUILT_PRODUCTS_DIR; };
		69A5FCF3213D060700705CA3 /* AppDelegate.swift */ = {isa = PBXFileReference; lastKnownFileType = sourcecode.swift; path = AppDelegate.swift; sourceTree = "<group>"; };
		69A5FCF5213D060700705CA3 /* loginVC.swift */ = {isa = PBXFileReference; lastKnownFileType = sourcecode.swift; path = loginVC.swift; sourceTree = "<group>"; };
		69A5FCF8213D060700705CA3 /* Base */ = {isa = PBXFileReference; lastKnownFileType = file.storyboard; name = Base; path = Base.lproj/Main.storyboard; sourceTree = "<group>"; };
		69A5FCFA213D060A00705CA3 /* Assets.xcassets */ = {isa = PBXFileReference; lastKnownFileType = folder.assetcatalog; path = Assets.xcassets; sourceTree = "<group>"; };
		69A5FCFD213D060A00705CA3 /* Base */ = {isa = PBXFileReference; lastKnownFileType = file.storyboard; name = Base; path = Base.lproj/LaunchScreen.storyboard; sourceTree = "<group>"; };
		69A5FCFF213D060A00705CA3 /* Info.plist */ = {isa = PBXFileReference; lastKnownFileType = text.plist.xml; path = Info.plist; sourceTree = "<group>"; };
		69A5FD05213D063300705CA3 /* GoogleService-Info.plist */ = {isa = PBXFileReference; fileEncoding = 4; lastKnownFileType = text.plist.xml; path = "GoogleService-Info.plist"; sourceTree = "<group>"; };
		69EA9BE2213D2B8B0098276C /* API.swift */ = {isa = PBXFileReference; lastKnownFileType = sourcecode.swift; path = API.swift; sourceTree = "<group>"; };
		69EA9BE4213D607A0098276C /* articleVC.swift */ = {isa = PBXFileReference; lastKnownFileType = sourcecode.swift; path = articleVC.swift; sourceTree = "<group>"; };
		905F8599ADBEE6C4E094D129 /* Pods_firebaseParctice.framework */ = {isa = PBXFileReference; explicitFileType = wrapper.framework; includeInIndex = 0; path = Pods_firebaseParctice.framework; sourceTree = BUILT_PRODUCTS_DIR; };
/* End PBXFileReference section */

/* Begin PBXFrameworksBuildPhase section */
		69A5FCED213D060700705CA3 /* Frameworks */ = {
			isa = PBXFrameworksBuildPhase;
			buildActionMask = 2147483647;
			files = (
				B54280A8237149FB31C8FA4D /* Pods_firebaseParctice.framework in Frameworks */,
			);
			runOnlyForDeploymentPostprocessing = 0;
		};
/* End PBXFrameworksBuildPhase section */

/* Begin PBXGroup section */
		0B411A03BB627423777E6E6F /* Frameworks */ = {
			isa = PBXGroup;
			children = (
				905F8599ADBEE6C4E094D129 /* Pods_firebaseParctice.framework */,
			);
			name = Frameworks;
			sourceTree = "<group>";
		};
		6900F0BD333C5E6CD25BED74 /* Pods */ = {
			isa = PBXGroup;
			children = (
				0491C07A03444604F772DC37 /* Pods-firebaseParctice.debug.xcconfig */,
				4B92D1D178894193C8482705 /* Pods-firebaseParctice.release.xcconfig */,
			);
			name = Pods;
			sourceTree = "<group>";
		};
		69A5FCE7213D060700705CA3 = {
			isa = PBXGroup;
			children = (
				69A5FCF2213D060700705CA3 /* firebaseParctice */,
				69A5FCF1213D060700705CA3 /* Products */,
				6900F0BD333C5E6CD25BED74 /* Pods */,
				0B411A03BB627423777E6E6F /* Frameworks */,
			);
			sourceTree = "<group>";
		};
		69A5FCF1213D060700705CA3 /* Products */ = {
			isa = PBXGroup;
			children = (
				69A5FCF0213D060700705CA3 /* firebaseParctice.app */,
			);
			name = Products;
			sourceTree = "<group>";
		};
		69A5FCF2213D060700705CA3 /* firebaseParctice */ = {
			isa = PBXGroup;
			children = (
				69A5FCF3213D060700705CA3 /* AppDelegate.swift */,
				69A5FCF7213D060700705CA3 /* Main.storyboard */,
				69A5FCFA213D060A00705CA3 /* Assets.xcassets */,
				69A5FCFC213D060A00705CA3 /* LaunchScreen.storyboard */,
				69A5FCFF213D060A00705CA3 /* Info.plist */,
				69A5FD05213D063300705CA3 /* GoogleService-Info.plist */,
				69EA9BE2213D2B8B0098276C /* API.swift */,
				69A5FCF5213D060700705CA3 /* loginVC.swift */,
				69EA9BE4213D607A0098276C /* articleVC.swift */,
			);
			path = firebaseParctice;
			sourceTree = "<group>";
		};
/* End PBXGroup section */

/* Begin PBXNativeTarget section */
		69A5FCEF213D060700705CA3 /* firebaseParctice */ = {
			isa = PBXNativeTarget;
			buildConfigurationList = 69A5FD02213D060A00705CA3 /* Build configuration list for PBXNativeTarget "firebaseParctice" */;
			buildPhases = (
				5E321A7738CD571D4A268B27 /* [CP] Check Pods Manifest.lock */,
				69A5FCEC213D060700705CA3 /* Sources */,
				69A5FCED213D060700705CA3 /* Frameworks */,
				69A5FCEE213D060700705CA3 /* Resources */,
				58B29C0E6603737BFFEE970B /* [CP] Embed Pods Frameworks */,
			);
			buildRules = (
			);
			dependencies = (
			);
			name = firebaseParctice;
			productName = firebaseParctice;
			productReference = 69A5FCF0213D060700705CA3 /* firebaseParctice.app */;
			productType = "com.apple.product-type.application";
		};
/* End PBXNativeTarget section */

/* Begin PBXProject section */
		69A5FCE8213D060700705CA3 /* Project object */ = {
			isa = PBXProject;
			attributes = {
				LastSwiftUpdateCheck = 0940;
				LastUpgradeCheck = 0940;
				ORGANIZATIONNAME = AliceChang;
				TargetAttributes = {
					69A5FCEF213D060700705CA3 = {
						CreatedOnToolsVersion = 9.4.1;
					};
				};
			};
			buildConfigurationList = 69A5FCEB213D060700705CA3 /* Build configuration list for PBXProject "firebaseParctice" */;
			compatibilityVersion = "Xcode 9.3";
			developmentRegion = en;
			hasScannedForEncodings = 0;
			knownRegions = (
				en,
				Base,
			);
			mainGroup = 69A5FCE7213D060700705CA3;
			productRefGroup = 69A5FCF1213D060700705CA3 /* Products */;
			projectDirPath = "";
			projectRoot = "";
			targets = (
				69A5FCEF213D060700705CA3 /* firebaseParctice */,
			);
		};
/* End PBXProject section */

/* Begin PBXResourcesBuildPhase section */
		69A5FCEE213D060700705CA3 /* Resources */ = {
			isa = PBXResourcesBuildPhase;
			buildActionMask = 2147483647;
			files = (
				69A5FCFE213D060A00705CA3 /* LaunchScreen.storyboard in Resources */,
				69A5FD06213D063300705CA3 /* GoogleService-Info.plist in Resources */,
				69A5FCFB213D060A00705CA3 /* Assets.xcassets in Resources */,
				69A5FCF9213D060700705CA3 /* Main.storyboard in Resources */,
			);
			runOnlyForDeploymentPostprocessing = 0;
		};
/* End PBXResourcesBuildPhase section */

/* Begin PBXShellScriptBuildPhase section */
		58B29C0E6603737BFFEE970B /* [CP] Embed Pods Frameworks */ = {
			isa = PBXShellScriptBuildPhase;
			buildActionMask = 2147483647;
			files = (
			);
			inputPaths = (
				"${SRCROOT}/Pods/Target Support Files/Pods-firebaseParctice/Pods-firebaseParctice-frameworks.sh",
				"${BUILT_PRODUCTS_DIR}/GTMSessionFetcher/GTMSessionFetcher.framework",
				"${BUILT_PRODUCTS_DIR}/GoogleUtilities/GoogleUtilities.framework",
				"${BUILT_PRODUCTS_DIR}/leveldb-library/leveldb.framework",
				"${BUILT_PRODUCTS_DIR}/nanopb/nanopb.framework",
			);
			name = "[CP] Embed Pods Frameworks";
			outputPaths = (
				"${TARGET_BUILD_DIR}/${FRAMEWORKS_FOLDER_PATH}/GTMSessionFetcher.framework",
				"${TARGET_BUILD_DIR}/${FRAMEWORKS_FOLDER_PATH}/GoogleUtilities.framework",
				"${TARGET_BUILD_DIR}/${FRAMEWORKS_FOLDER_PATH}/leveldb.framework",
				"${TARGET_BUILD_DIR}/${FRAMEWORKS_FOLDER_PATH}/nanopb.framework",
			);
			runOnlyForDeploymentPostprocessing = 0;
			shellPath = /bin/sh;
			shellScript = "\"${SRCROOT}/Pods/Target Support Files/Pods-firebaseParctice/Pods-firebaseParctice-frameworks.sh\"\n";
			showEnvVarsInLog = 0;
		};
		5E321A7738CD571D4A268B27 /* [CP] Check Pods Manifest.lock */ = {
			isa = PBXShellScriptBuildPhase;
			buildActionMask = 2147483647;
			files = (
			);
			inputPaths = (
				"${PODS_PODFILE_DIR_PATH}/Podfile.lock",
				"${PODS_ROOT}/Manifest.lock",
			);
			name = "[CP] Check Pods Manifest.lock";
			outputPaths = (
				"$(DERIVED_FILE_DIR)/Pods-firebaseParctice-checkManifestLockResult.txt",
			);
			runOnlyForDeploymentPostprocessing = 0;
			shellPath = /bin/sh;
			shellScript = "diff \"${PODS_PODFILE_DIR_PATH}/Podfile.lock\" \"${PODS_ROOT}/Manifest.lock\" > /dev/null\nif [ $? != 0 ] ; then\n    # print error to STDERR\n    echo \"error: The sandbox is not in sync with the Podfile.lock. Run 'pod install' or update your CocoaPods installation.\" >&2\n    exit 1\nfi\n# This output is used by Xcode 'outputs' to avoid re-running this script phase.\necho \"SUCCESS\" > \"${SCRIPT_OUTPUT_FILE_0}\"\n";
			showEnvVarsInLog = 0;
		};
/* End PBXShellScriptBuildPhase section */

/* Begin PBXSourcesBuildPhase section */
		69A5FCEC213D060700705CA3 /* Sources */ = {
			isa = PBXSourcesBuildPhase;
			buildActionMask = 2147483647;
			files = (
				69A5FCF6213D060700705CA3 /* loginVC.swift in Sources */,
				69EA9BE3213D2B8B0098276C /* API.swift in Sources */,
				69A5FCF4213D060700705CA3 /* AppDelegate.swift in Sources */,
				69EA9BE5213D607A0098276C /* articleVC.swift in Sources */,
			);
			runOnlyForDeploymentPostprocessing = 0;
		};
/* End PBXSourcesBuildPhase section */

/* Begin PBXVariantGroup section */
		69A5FCF7213D060700705CA3 /* Main.storyboard */ = {
			isa = PBXVariantGroup;
			children = (
				69A5FCF8213D060700705CA3 /* Base */,
			);
			name = Main.storyboard;
			sourceTree = "<group>";
		};
		69A5FCFC213D060A00705CA3 /* LaunchScreen.storyboard */ = {
			isa = PBXVariantGroup;
			children = (
				69A5FCFD213D060A00705CA3 /* Base */,
			);
			name = LaunchScreen.storyboard;
			sourceTree = "<group>";
		};
/* End PBXVariantGroup section */

/* Begin XCBuildConfiguration section */
		69A5FD00213D060A00705CA3 /* Debug */ = {
			isa = XCBuildConfiguration;
			buildSettings = {
				ALWAYS_SEARCH_USER_PATHS = NO;
				CLANG_ANALYZER_NONNULL = YES;
				CLANG_ANALYZER_NUMBER_OBJECT_CONVERSION = YES_AGGRESSIVE;
				CLANG_CXX_LANGUAGE_STANDARD = "gnu++14";
				CLANG_CXX_LIBRARY = "libc++";
				CLANG_ENABLE_MODULES = YES;
				CLANG_ENABLE_OBJC_ARC = YES;
				CLANG_ENABLE_OBJC_WEAK = YES;
				CLANG_WARN_BLOCK_CAPTURE_AUTORELEASING = YES;
				CLANG_WARN_BOOL_CONVERSION = YES;
				CLANG_WARN_COMMA = YES;
				CLANG_WARN_CONSTANT_CONVERSION = YES;
				CLANG_WARN_DEPRECATED_OBJC_IMPLEMENTATIONS = YES;
				CLANG_WARN_DIRECT_OBJC_ISA_USAGE = YES_ERROR;
				CLANG_WARN_DOCUMENTATION_COMMENTS = YES;
				CLANG_WARN_EMPTY_BODY = YES;
				CLANG_WARN_ENUM_CONVERSION = YES;
				CLANG_WARN_INFINITE_RECURSION = YES;
				CLANG_WARN_INT_CONVERSION = YES;
				CLANG_WARN_NON_LITERAL_NULL_CONVERSION = YES;
				CLANG_WARN_OBJC_IMPLICIT_RETAIN_SELF = YES;
				CLANG_WARN_OBJC_LITERAL_CONVERSION = YES;
				CLANG_WARN_OBJC_ROOT_CLASS = YES_ERROR;
				CLANG_WARN_RANGE_LOOP_ANALYSIS = YES;
				CLANG_WARN_STRICT_PROTOTYPES = YES;
				CLANG_WARN_SUSPICIOUS_MOVE = YES;
				CLANG_WARN_UNGUARDED_AVAILABILITY = YES_AGGRESSIVE;
				CLANG_WARN_UNREACHABLE_CODE = YES;
				CLANG_WARN__DUPLICATE_METHOD_MATCH = YES;
				CODE_SIGN_IDENTITY = "iPhone Developer";
				COPY_PHASE_STRIP = NO;
				DEBUG_INFORMATION_FORMAT = dwarf;
				ENABLE_STRICT_OBJC_MSGSEND = YES;
				ENABLE_TESTABILITY = YES;
				GCC_C_LANGUAGE_STANDARD = gnu11;
				GCC_DYNAMIC_NO_PIC = NO;
				GCC_NO_COMMON_BLOCKS = YES;
				GCC_OPTIMIZATION_LEVEL = 0;
				GCC_PREPROCESSOR_DEFINITIONS = (
					"DEBUG=1",
					"$(inherited)",
				);
				GCC_WARN_64_TO_32_BIT_CONVERSION = YES;
				GCC_WARN_ABOUT_RETURN_TYPE = YES_ERROR;
				GCC_WARN_UNDECLARED_SELECTOR = YES;
				GCC_WARN_UNINITIALIZED_AUTOS = YES_AGGRESSIVE;
				GCC_WARN_UNUSED_FUNCTION = YES;
				GCC_WARN_UNUSED_VARIABLE = YES;
				IPHONEOS_DEPLOYMENT_TARGET = 11.4;
				MTL_ENABLE_DEBUG_INFO = YES;
				ONLY_ACTIVE_ARCH = YES;
				SDKROOT = iphoneos;
				SWIFT_ACTIVE_COMPILATION_CONDITIONS = DEBUG;
				SWIFT_OPTIMIZATION_LEVEL = "-Onone";
			};
			name = Debug;
		};
		69A5FD01213D060A00705CA3 /* Release */ = {
			isa = XCBuildConfiguration;
			buildSettings = {
				ALWAYS_SEARCH_USER_PATHS = NO;
				CLANG_ANALYZER_NONNULL = YES;
				CLANG_ANALYZER_NUMBER_OBJECT_CONVERSION = YES_AGGRESSIVE;
				CLANG_CXX_LANGUAGE_STANDARD = "gnu++14";
				CLANG_CXX_LIBRARY = "libc++";
				CLANG_ENABLE_MODULES = YES;
				CLANG_ENABLE_OBJC_ARC = YES;
				CLANG_ENABLE_OBJC_WEAK = YES;
				CLANG_WARN_BLOCK_CAPTURE_AUTORELEASING = YES;
				CLANG_WARN_BOOL_CONVERSION = YES;
				CLANG_WARN_COMMA = YES;
				CLANG_WARN_CONSTANT_CONVERSION = YES;
				CLANG_WARN_DEPRECATED_OBJC_IMPLEMENTATIONS = YES;
				CLANG_WARN_DIRECT_OBJC_ISA_USAGE = YES_ERROR;
				CLANG_WARN_DOCUMENTATION_COMMENTS = YES;
				CLANG_WARN_EMPTY_BODY = YES;
				CLANG_WARN_ENUM_CONVERSION = YES;
				CLANG_WARN_INFINITE_RECURSION = YES;
				CLANG_WARN_INT_CONVERSION = YES;
				CLANG_WARN_NON_LITERAL_NULL_CONVERSION = YES;
				CLANG_WARN_OBJC_IMPLICIT_RETAIN_SELF = YES;
				CLANG_WARN_OBJC_LITERAL_CONVERSION = YES;
				CLANG_WARN_OBJC_ROOT_CLASS = YES_ERROR;
				CLANG_WARN_RANGE_LOOP_ANALYSIS = YES;
				CLANG_WARN_STRICT_PROTOTYPES = YES;
				CLANG_WARN_SUSPICIOUS_MOVE = YES;
				CLANG_WARN_UNGUARDED_AVAILABILITY = YES_AGGRESSIVE;
				CLANG_WARN_UNREACHABLE_CODE = YES;
				CLANG_WARN__DUPLICATE_METHOD_MATCH = YES;
				CODE_SIGN_IDENTITY = "iPhone Developer";
				COPY_PHASE_STRIP = NO;
				DEBUG_INFORMATION_FORMAT = "dwarf-with-dsym";
				ENABLE_NS_ASSERTIONS = NO;
				ENABLE_STRICT_OBJC_MSGSEND = YES;
				GCC_C_LANGUAGE_STANDARD = gnu11;
				GCC_NO_COMMON_BLOCKS = YES;
				GCC_WARN_64_TO_32_BIT_CONVERSION = YES;
				GCC_WARN_ABOUT_RETURN_TYPE = YES_ERROR;
				GCC_WARN_UNDECLARED_SELECTOR = YES;
				GCC_WARN_UNINITIALIZED_AUTOS = YES_AGGRESSIVE;
				GCC_WARN_UNUSED_FUNCTION = YES;
				GCC_WARN_UNUSED_VARIABLE = YES;
				IPHONEOS_DEPLOYMENT_TARGET = 11.4;
				MTL_ENABLE_DEBUG_INFO = NO;
				SDKROOT = iphoneos;
				SWIFT_COMPILATION_MODE = wholemodule;
				SWIFT_OPTIMIZATION_LEVEL = "-O";
				VALIDATE_PRODUCT = YES;
			};
			name = Release;
		};
		69A5FD03213D060A00705CA3 /* Debug */ = {
			isa = XCBuildConfiguration;
			baseConfigurationReference = 0491C07A03444604F772DC37 /* Pods-firebaseParctice.debug.xcconfig */;
			buildSettings = {
				ASSETCATALOG_COMPILER_APPICON_NAME = AppIcon;
				CODE_SIGN_STYLE = Automatic;
				DEVELOPMENT_TEAM = CHZWYBA9N7;
				INFOPLIST_FILE = firebaseParctice/Info.plist;
				LD_RUNPATH_SEARCH_PATHS = (
					"$(inherited)",
					"@executable_path/Frameworks",
				);
				PRODUCT_BUNDLE_IDENTIFIER = com.AliceChang.firebaseParctice;
				PRODUCT_NAME = "$(TARGET_NAME)";
				SWIFT_VERSION = 4.0;
				TARGETED_DEVICE_FAMILY = "1,2";
			};
			name = Debug;
		};
		69A5FD04213D060A00705CA3 /* Release */ = {
			isa = XCBuildConfiguration;
			baseConfigurationReference = 4B92D1D178894193C8482705 /* Pods-firebaseParctice.release.xcconfig */;
			buildSettings = {
				ASSETCATALOG_COMPILER_APPICON_NAME = AppIcon;
				CODE_SIGN_STYLE = Automatic;
				DEVELOPMENT_TEAM = CHZWYBA9N7;
				INFOPLIST_FILE = firebaseParctice/Info.plist;
				LD_RUNPATH_SEARCH_PATHS = (
					"$(inherited)",
					"@executable_path/Frameworks",
				);
				PRODUCT_BUNDLE_IDENTIFIER = com.AliceChang.firebaseParctice;
				PRODUCT_NAME = "$(TARGET_NAME)";
				SWIFT_VERSION = 4.0;
				TARGETED_DEVICE_FAMILY = "1,2";
			};
			name = Release;
		};
/* End XCBuildConfiguration section */

/* Begin XCConfigurationList section */
		69A5FCEB213D060700705CA3 /* Build configuration list for PBXProject "firebaseParctice" */ = {
			isa = XCConfigurationList;
			buildConfigurations = (
				69A5FD00213D060A00705CA3 /* Debug */,
				69A5FD01213D060A00705CA3 /* Release */,
			);
			defaultConfigurationIsVisible = 0;
			defaultConfigurationName = Release;
		};
		69A5FD02213D060A00705CA3 /* Build configuration list for PBXNativeTarget "firebaseParctice" */ = {
			isa = XCConfigurationList;
			buildConfigurations = (
				69A5FD03213D060A00705CA3 /* Debug */,
				69A5FD04213D060A00705CA3 /* Release */,
			);
			defaultConfigurationIsVisible = 0;
			defaultConfigurationName = Release;
		};
/* End XCConfigurationList section */
	};
	rootObject = 69A5FCE8213D060700705CA3 /* Project object */;
}
